// !$*UTF8*$!
{
	archiveVersion = 1;
	classes = {
	};
	objectVersion = 46;
	objects = {

/* Begin PBXBuildFile section */
		FFF600DD1DA0EA5F0040AF2A /* AppDelegate.swift in Sources */ = {isa = PBXBuildFile; fileRef = FFF600DC1DA0EA5F0040AF2A /* AppDelegate.swift */; };
		FFF600DF1DA0EA5F0040AF2A /* ViewController.swift in Sources */ = {isa = PBXBuildFile; fileRef = FFF600DE1DA0EA5F0040AF2A /* ViewController.swift */; };
		FFF600E21DA0EA5F0040AF2A /* Main.storyboard in Resources */ = {isa = PBXBuildFile; fileRef = FFF600E01DA0EA5F0040AF2A /* Main.storyboard */; };
		FFF600E51DA0EA5F0040AF2A /* StreetDanceLife.xcdatamodeld in Sources */ = {isa = PBXBuildFile; fileRef = FFF600E31DA0EA5F0040AF2A /* StreetDanceLife.xcdatamodeld */; };
		FFF600E71DA0EA5F0040AF2A /* Assets.xcassets in Resources */ = {isa = PBXBuildFile; fileRef = FFF600E61DA0EA5F0040AF2A /* Assets.xcassets */; };
		FFF600EA1DA0EA5F0040AF2A /* LaunchScreen.storyboard in Resources */ = {isa = PBXBuildFile; fileRef = FFF600E81DA0EA5F0040AF2A /* LaunchScreen.storyboard */; };
/* End PBXBuildFile section */

/* Begin PBXFileReference section */
		FFF600D91DA0EA5F0040AF2A /* StreetDanceLife.app */ = {isa = PBXFileReference; explicitFileType = wrapper.application; includeInIndex = 0; path = StreetDanceLife.app; sourceTree = BUILT_PRODUCTS_DIR; };
		FFF600DC1DA0EA5F0040AF2A /* AppDelegate.swift */ = {isa = PBXFileReference; lastKnownFileType = sourcecode.swift; path = AppDelegate.swift; sourceTree = "<group>"; };
		FFF600DE1DA0EA5F0040AF2A /* ViewController.swift */ = {isa = PBXFileReference; lastKnownFileType = sourcecode.swift; path = ViewController.swift; sourceTree = "<group>"; };
		FFF600E11DA0EA5F0040AF2A /* Base */ = {isa = PBXFileReference; lastKnownFileType = file.storyboard; name = Base; path = Base.lproj/Main.storyboard; sourceTree = "<group>"; };
		FFF600E41DA0EA5F0040AF2A /* StreetDanceLife.xcdatamodel */ = {isa = PBXFileReference; lastKnownFileType = wrapper.xcdatamodel; path = StreetDanceLife.xcdatamodel; sourceTree = "<group>"; };
		FFF600E61DA0EA5F0040AF2A /* Assets.xcassets */ = {isa = PBXFileReference; lastKnownFileType = folder.assetcatalog; path = Assets.xcassets; sourceTree = "<group>"; };
		FFF600E91DA0EA5F0040AF2A /* Base */ = {isa = PBXFileReference; lastKnownFileType = file.storyboard; name = Base; path = Base.lproj/LaunchScreen.storyboard; sourceTree = "<group>"; };
		FFF600EB1DA0EA5F0040AF2A /* Info.plist */ = {isa = PBXFileReference; lastKnownFileType = text.plist.xml; path = Info.plist; sourceTree = "<group>"; };
/* End PBXFileReference section */

/* Begin PBXFrameworksBuildPhase section */
		FFF600D61DA0EA5D0040AF2A /* Frameworks */ = {
			isa = PBXFrameworksBuildPhase;
			buildActionMask = 2147483647;
			files = (
			);
			runOnlyForDeploymentPostprocessing = 0;
		};
/* End PBXFrameworksBuildPhase section */

/* Begin PBXGroup section */
		FFF600D01DA0EA5D0040AF2A = {
			isa = PBXGroup;
			children = (
				FFF600DB1DA0EA5F0040AF2A /* StreetDanceLife */,
				FFF600DA1DA0EA5F0040AF2A /* Products */,
			);
			sourceTree = "<group>";
		};
		FFF600DA1DA0EA5F0040AF2A /* Products */ = {
			isa = PBXGroup;
			children = (
				FFF600D91DA0EA5F0040AF2A /* StreetDanceLife.app */,
			);
			name = Products;
			sourceTree = "<group>";
		};
		FFF600DB1DA0EA5F0040AF2A /* StreetDanceLife */ = {
			isa = PBXGroup;
			children = (
				FFF600DC1DA0EA5F0040AF2A /* AppDelegate.swift */,
				FFF600DE1DA0EA5F0040AF2A /* ViewController.swift */,
				FFF600E01DA0EA5F0040AF2A /* Main.storyboard */,
				FFF600E61DA0EA5F0040AF2A /* Assets.xcassets */,
				FFF600E81DA0EA5F0040AF2A /* LaunchScreen.storyboard */,
				FFF600EB1DA0EA5F0040AF2A /* Info.plist */,
				FFF600E31DA0EA5F0040AF2A /* StreetDanceLife.xcdatamodeld */,
			);
			path = StreetDanceLife;
			sourceTree = "<group>";
		};
/* End PBXGroup section */

/* Begin PBXNativeTarget section */
		FFF600D81DA0EA5D0040AF2A /* StreetDanceLife */ = {
			isa = PBXNativeTarget;
			buildConfigurationList = FFF600EE1DA0EA5F0040AF2A /* Build configuration list for PBXNativeTarget "StreetDanceLife" */;
			buildPhases = (
				FFF600D51DA0EA5D0040AF2A /* Sources */,
				FFF600D61DA0EA5D0040AF2A /* Frameworks */,
				FFF600D71DA0EA5D0040AF2A /* Resources */,
			);
			buildRules = (
			);
			dependencies = (
			);
			name = StreetDanceLife;
			productName = StreetDanceLife;
			productReference = FFF600D91DA0EA5F0040AF2A /* StreetDanceLife.app */;
			productType = "com.apple.product-type.application";
		};
/* End PBXNativeTarget section */

/* Begin PBXProject section */
		FFF600D11DA0EA5D0040AF2A /* Project object */ = {
			isa = PBXProject;
			attributes = {
				LastSwiftUpdateCheck = 0800;
				LastUpgradeCheck = 0800;
				ORGANIZATIONNAME = "Hiroyuki Yahagi";
				TargetAttributes = {
					FFF600D81DA0EA5D0040AF2A = {
						CreatedOnToolsVersion = 8.0;
						DevelopmentTeam = A4SNNFG58F;
						ProvisioningStyle = Automatic;
					};
				};
			};
			buildConfigurationList = FFF600D41DA0EA5D0040AF2A /* Build configuration list for PBXProject "StreetDanceLife" */;
			compatibilityVersion = "Xcode 3.2";
			developmentRegion = English;
			hasScannedForEncodings = 0;
			knownRegions = (
				en,
				Base,
			);
			mainGroup = FFF600D01DA0EA5D0040AF2A;
			productRefGroup = FFF600DA1DA0EA5F0040AF2A /* Products */;
			projectDirPath = "";
			projectRoot = "";
			targets = (
				FFF600D81DA0EA5D0040AF2A /* StreetDanceLife */,
			);
		};
/* End PBXProject section */

/* Begin PBXResourcesBuildPhase section */
		FFF600D71DA0EA5D0040AF2A /* Resources */ = {
			isa = PBXResourcesBuildPhase;
			buildActionMask = 2147483647;
			files = (
				FFF600EA1DA0EA5F0040AF2A /* LaunchScreen.storyboard in Resources */,
				FFF600E71DA0EA5F0040AF2A /* Assets.xcassets in Resources */,
				FFF600E21DA0EA5F0040AF2A /* Main.storyboard in Resources */,
			);
			runOnlyForDeploymentPostprocessing = 0;
		};
/* End PBXResourcesBuildPhase section */

/* Begin PBXSourcesBuildPhase section */
		FFF600D51DA0EA5D0040AF2A /* Sources */ = {
			isa = PBXSourcesBuildPhase;
			buildActionMask = 2147483647;
			files = (
				FFF600DF1DA0EA5F0040AF2A /* ViewController.swift in Sources */,
				FFF600E51DA0EA5F0040AF2A /* StreetDanceLife.xcdatamodeld in Sources */,
				FFF600DD1DA0EA5F0040AF2A /* AppDelegate.swift in Sources */,
			);
			runOnlyForDeploymentPostprocessing = 0;
		};
/* End PBXSourcesBuildPhase section */

/* Begin PBXVariantGroup section */
		FFF600E01DA0EA5F0040AF2A /* Main.storyboard */ = {
			isa = PBXVariantGroup;
			children = (
				FFF600E11DA0EA5F0040AF2A /* Base */,
			);
			name = Main.storyboard;
			sourceTree = "<group>";
		};
		FFF600E81DA0EA5F0040AF2A /* LaunchScreen.storyboard */ = {
			isa = PBXVariantGroup;
			children = (
				FFF600E91DA0EA5F0040AF2A /* Base */,
			);
			name = LaunchScreen.storyboard;
			sourceTree = "<group>";
		};
/* End PBXVariantGroup section */

/* Begin XCBuildConfiguration section */
		FFF600EC1DA0EA5F0040AF2A /* Debug */ = {
			isa = XCBuildConfiguration;
			buildSettings = {
				ALWAYS_SEARCH_USER_PATHS = NO;
				CLANG_ANALYZER_NONNULL = YES;
				CLANG_CXX_LANGUAGE_STANDARD = "gnu++0x";
				CLANG_CXX_LIBRARY = "libc++";
				CLANG_ENABLE_MODULES = YES;
				CLANG_ENABLE_OBJC_ARC = YES;
				CLANG_WARN_BOOL_CONVERSION = YES;
				CLANG_WARN_CONSTANT_CONVERSION = YES;
				CLANG_WARN_DIRECT_OBJC_ISA_USAGE = YES_ERROR;
				CLANG_WARN_DOCUMENTATION_COMMENTS = YES;
				CLANG_WARN_EMPTY_BODY = YES;
				CLANG_WARN_ENUM_CONVERSION = YES;
				CLANG_WARN_INFINITE_RECURSION = YES;
				CLANG_WARN_INT_CONVERSION = YES;
				CLANG_WARN_OBJC_ROOT_CLASS = YES_ERROR;
				CLANG_WARN_SUSPICIOUS_MOVES = YES;
				CLANG_WARN_UNREACHABLE_CODE = YES;
				CLANG_WARN__DUPLICATE_METHOD_MATCH = YES;
				"CODE_SIGN_IDENTITY[sdk=iphoneos*]" = "iPhone Developer";
				COPY_PHASE_STRIP = NO;
				DEBUG_INFORMATION_FORMAT = dwarf;
				ENABLE_STRICT_OBJC_MSGSEND = YES;
				ENABLE_TESTABILITY = YES;
				GCC_C_LANGUAGE_STANDARD = gnu99;
				GCC_DYNAMIC_NO_PIC = NO;
				GCC_NO_COMMON_BLOCKS = YES;
				GCC_OPTIMIZATION_LEVEL = 0;
				GCC_PREPROCESSOR_DEFINITIONS = (
					"DEBUG=1",
					"$(inherited)",
				);
				GCC_WARN_64_TO_32_BIT_CONVERSION = YES;
				GCC_WARN_ABOUT_RETURN_TYPE = YES_ERROR;
				GCC_WARN_UNDECLARED_SELECTOR = YES;
				GCC_WARN_UNINITIALIZED_AUTOS = YES_AGGRESSIVE;
				GCC_WARN_UNUSED_FUNCTION = YES;
				GCC_WARN_UNUSED_VARIABLE = YES;
				IPHONEOS_DEPLOYMENT_TARGET = 10.0;
				MTL_ENABLE_DEBUG_INFO = YES;
				ONLY_ACTIVE_ARCH = YES;
				SDKROOT = iphoneos;
				SWIFT_ACTIVE_COMPILATION_CONDITIONS = DEBUG;
				SWIFT_OPTIMIZATION_LEVEL = "-Onone";
				TARGETED_DEVICE_FAMILY = "1,2";
			};
			name = Debug;
		};
		FFF600ED1DA0EA5F0040AF2A /* Release */ = {
			isa = XCBuildConfiguration;
			buildSettings = {
				ALWAYS_SEARCH_USER_PATHS = NO;
				CLANG_ANALYZER_NONNULL = YES;
				CLANG_CXX_LANGUAGE_STANDARD = "gnu++0x";
				CLANG_CXX_LIBRARY = "libc++";
				CLANG_ENABLE_MODULES = YES;
				CLANG_ENABLE_OBJC_ARC = YES;
				CLANG_WARN_BOOL_CONVERSION = YES;
				CLANG_WARN_CONSTANT_CONVERSION = YES;
				CLANG_WARN_DIRECT_OBJC_ISA_USAGE = YES_ERROR;
				CLANG_WARN_DOCUMENTATION_COMMENTS = YES;
				CLANG_WARN_EMPTY_BODY = YES;
				CLANG_WARN_ENUM_CONVERSION = YES;
				CLANG_WARN_INFINITE_RECURSION = YES;
				CLANG_WARN_INT_CONVERSION = YES;
				CLANG_WARN_OBJC_ROOT_CLASS = YES_ERROR;
				CLANG_WARN_SUSPICIOUS_MOVES = YES;
				CLANG_WARN_UNREACHABLE_CODE = YES;
				CLANG_WARN__DUPLICATE_METHOD_MATCH = YES;
				"CODE_SIGN_IDENTITY[sdk=iphoneos*]" = "iPhone Developer";
				COPY_PHASE_STRIP = NO;
				DEBUG_INFORMATION_FORMAT = "dwarf-with-dsym";
				ENABLE_NS_ASSERTIONS = NO;
				ENABLE_STRICT_OBJC_MSGSEND = YES;
				GCC_C_LANGUAGE_STANDARD = gnu99;
				GCC_NO_COMMON_BLOCKS = YES;
				GCC_WARN_64_TO_32_BIT_CONVERSION = YES;
				GCC_WARN_ABOUT_RETURN_TYPE = YES_ERROR;
				GCC_WARN_UNDECLARED_SELECTOR = YES;
				GCC_WARN_UNINITIALIZED_AUTOS = YES_AGGRESSIVE;
				GCC_WARN_UNUSED_FUNCTION = YES;
				GCC_WARN_UNUSED_VARIABLE = YES;
				IPHONEOS_DEPLOYMENT_TARGET = 10.0;
				MTL_ENABLE_DEBUG_INFO = NO;
				SDKROOT = iphoneos;
				SWIFT_OPTIMIZATION_LEVEL = "-Owholemodule";
				TARGETED_DEVICE_FAMILY = "1,2";
				VALIDATE_PRODUCT = YES;
			};
			name = Release;
		};
		FFF600EF1DA0EA5F0040AF2A /* Debug */ = {
			isa = XCBuildConfiguration;
			buildSettings = {
				ASSETCATALOG_COMPILER_APPICON_NAME = AppIcon;
				DEVELOPMENT_TEAM = A4SNNFG58F;
				INFOPLIST_FILE = StreetDanceLife/Info.plist;
				LD_RUNPATH_SEARCH_PATHS = "$(inherited) @executable_path/Frameworks";
				PRODUCT_BUNDLE_IDENTIFIER = com.hiroyukiyahagi.StreetDanceLife;
				PRODUCT_NAME = "$(TARGET_NAME)";
				SWIFT_VERSION = 3.0;
			};
			name = Debug;
		};
		FFF600F01DA0EA5F0040AF2A /* Release */ = {
			isa = XCBuildConfiguration;
			buildSettings = {
				ASSETCATALOG_COMPILER_APPICON_NAME = AppIcon;
				DEVELOPMENT_TEAM = A4SNNFG58F;
				INFOPLIST_FILE = StreetDanceLife/Info.plist;
				LD_RUNPATH_SEARCH_PATHS = "$(inherited) @executable_path/Frameworks";
				PRODUCT_BUNDLE_IDENTIFIER = com.hiroyukiyahagi.StreetDanceLife;
				PRODUCT_NAME = "$(TARGET_NAME)";
				SWIFT_VERSION = 3.0;
			};
			name = Release;
		};
/* End XCBuildConfiguration section */

/* Begin XCConfigurationList section */
		FFF600D41DA0EA5D0040AF2A /* Build configuration list for PBXProject "StreetDanceLife" */ = {
			isa = XCConfigurationList;
			buildConfigurations = (
				FFF600EC1DA0EA5F0040AF2A /* Debug */,
				FFF600ED1DA0EA5F0040AF2A /* Release */,
			);
			defaultConfigurationIsVisible = 0;
			defaultConfigurationName = Release;
		};
		FFF600EE1DA0EA5F0040AF2A /* Build configuration list for PBXNativeTarget "StreetDanceLife" */ = {
			isa = XCConfigurationList;
			buildConfigurations = (
				FFF600EF1DA0EA5F0040AF2A /* Debug */,
				FFF600F01DA0EA5F0040AF2A /* Release */,
			);
			defaultConfigurationIsVisible = 0;
		};
/* End XCConfigurationList section */

/* Begin XCVersionGroup section */
		FFF600E31DA0EA5F0040AF2A /* StreetDanceLife.xcdatamodeld */ = {
			isa = XCVersionGroup;
			children = (
				FFF600E41DA0EA5F0040AF2A /* StreetDanceLife.xcdatamodel */,
			);
			currentVersion = FFF600E41DA0EA5F0040AF2A /* StreetDanceLife.xcdatamodel */;
			path = StreetDanceLife.xcdatamodeld;
			sourceTree = "<group>";
			versionGroupType = wrapper.xcdatamodel;
		};
/* End XCVersionGroup section */
	};
	rootObject = FFF600D11DA0EA5D0040AF2A /* Project object */;
}
